// !$*UTF8*$!
{
	archiveVersion = 1;
	classes = {
	};
	objectVersion = 56;
	objects = {

/* Begin PBXBuildFile section */
		626CA1292AC7067B00ABB9FE /* AppetizersApp.swift in Sources */ = {isa = PBXBuildFile; fileRef = 626CA1282AC7067B00ABB9FE /* AppetizersApp.swift */; };
		626CA12B2AC7067B00ABB9FE /* AppetizerTabView.swift in Sources */ = {isa = PBXBuildFile; fileRef = 626CA12A2AC7067B00ABB9FE /* AppetizerTabView.swift */; };
		626CA12D2AC7067B00ABB9FE /* Assets.xcassets in Resources */ = {isa = PBXBuildFile; fileRef = 626CA12C2AC7067B00ABB9FE /* Assets.xcassets */; };
		626CA1302AC7067B00ABB9FE /* Preview Assets.xcassets in Resources */ = {isa = PBXBuildFile; fileRef = 626CA12F2AC7067B00ABB9FE /* Preview Assets.xcassets */; };
		626CA1372AC7095700ABB9FE /* AppetizerListView.swift in Sources */ = {isa = PBXBuildFile; fileRef = 626CA1362AC7095700ABB9FE /* AppetizerListView.swift */; };
		626CA1392AC7096700ABB9FE /* AccountView.swift in Sources */ = {isa = PBXBuildFile; fileRef = 626CA1382AC7096700ABB9FE /* AccountView.swift */; };
		626CA13B2AC7097400ABB9FE /* OrderView.swift in Sources */ = {isa = PBXBuildFile; fileRef = 626CA13A2AC7097400ABB9FE /* OrderView.swift */; };
		626CA13D2AC7119400ABB9FE /* Appetizer.swift in Sources */ = {isa = PBXBuildFile; fileRef = 626CA13C2AC7119400ABB9FE /* Appetizer.swift */; };
		626CA13F2AC92CDD00ABB9FE /* AppetizerListCell.swift in Sources */ = {isa = PBXBuildFile; fileRef = 626CA13E2AC92CDD00ABB9FE /* AppetizerListCell.swift */; };
		626CA1412AC92FA900ABB9FE /* NetworkManager.swift in Sources */ = {isa = PBXBuildFile; fileRef = 626CA1402AC92FA900ABB9FE /* NetworkManager.swift */; };
		626CA1432AC92FB900ABB9FE /* APError.swift in Sources */ = {isa = PBXBuildFile; fileRef = 626CA1422AC92FB900ABB9FE /* APError.swift */; };
		626CA1452AC9393F00ABB9FE /* AppetizerListViewModel.swift in Sources */ = {isa = PBXBuildFile; fileRef = 626CA1442AC9393F00ABB9FE /* AppetizerListViewModel.swift */; };
		626CA1472AC9895B00ABB9FE /* Alert.swift in Sources */ = {isa = PBXBuildFile; fileRef = 626CA1462AC9895B00ABB9FE /* Alert.swift */; };
		626CA1492AC98FE100ABB9FE /* Color+Ext.swift in Sources */ = {isa = PBXBuildFile; fileRef = 626CA1482AC98FE100ABB9FE /* Color+Ext.swift */; };
		626CA14B2AC9906E00ABB9FE /* LoadingView.swift in Sources */ = {isa = PBXBuildFile; fileRef = 626CA14A2AC9906E00ABB9FE /* LoadingView.swift */; };
		626CA14D2AC99D4400ABB9FE /* RemoteImage.swift in Sources */ = {isa = PBXBuildFile; fileRef = 626CA14C2AC99D4400ABB9FE /* RemoteImage.swift */; };
		626CA15C2AD1119400ABB9FE /* AppetizerDetailView.swift in Sources */ = {isa = PBXBuildFile; fileRef = 626CA15B2AD1119400ABB9FE /* AppetizerDetailView.swift */; };
		626CA15F2AD11BD400ABB9FE /* APButton.swift in Sources */ = {isa = PBXBuildFile; fileRef = 626CA15E2AD11BD400ABB9FE /* APButton.swift */; };
		626CA1612AD11CAA00ABB9FE /* XDismissButton.swift in Sources */ = {isa = PBXBuildFile; fileRef = 626CA1602AD11CAA00ABB9FE /* XDismissButton.swift */; };
/* End PBXBuildFile section */

/* Begin PBXFileReference section */
		626CA1252AC7067B00ABB9FE /* Appetizers.app */ = {isa = PBXFileReference; explicitFileType = wrapper.application; includeInIndex = 0; path = Appetizers.app; sourceTree = BUILT_PRODUCTS_DIR; };
		626CA1282AC7067B00ABB9FE /* AppetizersApp.swift */ = {isa = PBXFileReference; lastKnownFileType = sourcecode.swift; path = AppetizersApp.swift; sourceTree = "<group>"; };
		626CA12A2AC7067B00ABB9FE /* AppetizerTabView.swift */ = {isa = PBXFileReference; lastKnownFileType = sourcecode.swift; path = AppetizerTabView.swift; sourceTree = "<group>"; };
		626CA12C2AC7067B00ABB9FE /* Assets.xcassets */ = {isa = PBXFileReference; lastKnownFileType = folder.assetcatalog; path = Assets.xcassets; sourceTree = "<group>"; };
		626CA12F2AC7067B00ABB9FE /* Preview Assets.xcassets */ = {isa = PBXFileReference; lastKnownFileType = folder.assetcatalog; path = "Preview Assets.xcassets"; sourceTree = "<group>"; };
		626CA1362AC7095700ABB9FE /* AppetizerListView.swift */ = {isa = PBXFileReference; lastKnownFileType = sourcecode.swift; path = AppetizerListView.swift; sourceTree = "<group>"; };
		626CA1382AC7096700ABB9FE /* AccountView.swift */ = {isa = PBXFileReference; lastKnownFileType = sourcecode.swift; path = AccountView.swift; sourceTree = "<group>"; };
		626CA13A2AC7097400ABB9FE /* OrderView.swift */ = {isa = PBXFileReference; lastKnownFileType = sourcecode.swift; path = OrderView.swift; sourceTree = "<group>"; };
		626CA13C2AC7119400ABB9FE /* Appetizer.swift */ = {isa = PBXFileReference; lastKnownFileType = sourcecode.swift; path = Appetizer.swift; sourceTree = "<group>"; };
		626CA13E2AC92CDD00ABB9FE /* AppetizerListCell.swift */ = {isa = PBXFileReference; lastKnownFileType = sourcecode.swift; path = AppetizerListCell.swift; sourceTree = "<group>"; };
		626CA1402AC92FA900ABB9FE /* NetworkManager.swift */ = {isa = PBXFileReference; lastKnownFileType = sourcecode.swift; path = NetworkManager.swift; sourceTree = "<group>"; };
		626CA1422AC92FB900ABB9FE /* APError.swift */ = {isa = PBXFileReference; lastKnownFileType = sourcecode.swift; path = APError.swift; sourceTree = "<group>"; };
		626CA1442AC9393F00ABB9FE /* AppetizerListViewModel.swift */ = {isa = PBXFileReference; lastKnownFileType = sourcecode.swift; path = AppetizerListViewModel.swift; sourceTree = "<group>"; };
		626CA1462AC9895B00ABB9FE /* Alert.swift */ = {isa = PBXFileReference; lastKnownFileType = sourcecode.swift; path = Alert.swift; sourceTree = "<group>"; };
		626CA1482AC98FE100ABB9FE /* Color+Ext.swift */ = {isa = PBXFileReference; lastKnownFileType = sourcecode.swift; path = "Color+Ext.swift"; sourceTree = "<group>"; };
		626CA14A2AC9906E00ABB9FE /* LoadingView.swift */ = {isa = PBXFileReference; lastKnownFileType = sourcecode.swift; path = LoadingView.swift; sourceTree = "<group>"; };
		626CA14C2AC99D4400ABB9FE /* RemoteImage.swift */ = {isa = PBXFileReference; lastKnownFileType = sourcecode.swift; path = RemoteImage.swift; sourceTree = "<group>"; };
		626CA15B2AD1119400ABB9FE /* AppetizerDetailView.swift */ = {isa = PBXFileReference; lastKnownFileType = sourcecode.swift; path = AppetizerDetailView.swift; sourceTree = "<group>"; };
		626CA15E2AD11BD400ABB9FE /* APButton.swift */ = {isa = PBXFileReference; lastKnownFileType = sourcecode.swift; path = APButton.swift; sourceTree = "<group>"; };
		626CA1602AD11CAA00ABB9FE /* XDismissButton.swift */ = {isa = PBXFileReference; lastKnownFileType = sourcecode.swift; path = XDismissButton.swift; sourceTree = "<group>"; };
/* End PBXFileReference section */

/* Begin PBXFrameworksBuildPhase section */
		626CA1222AC7067B00ABB9FE /* Frameworks */ = {
			isa = PBXFrameworksBuildPhase;
			buildActionMask = 2147483647;
			files = (
			);
			runOnlyForDeploymentPostprocessing = 0;
		};
/* End PBXFrameworksBuildPhase section */

/* Begin PBXGroup section */
		626CA11C2AC7067B00ABB9FE = {
			isa = PBXGroup;
			children = (
				626CA1272AC7067B00ABB9FE /* Appetizers */,
				626CA1262AC7067B00ABB9FE /* Products */,
			);
			sourceTree = "<group>";
		};
		626CA1262AC7067B00ABB9FE /* Products */ = {
			isa = PBXGroup;
			children = (
				626CA1252AC7067B00ABB9FE /* Appetizers.app */,
			);
			name = Products;
			sourceTree = "<group>";
		};
		626CA1272AC7067B00ABB9FE /* Appetizers */ = {
			isa = PBXGroup;
			children = (
				626CA1562AC9A24900ABB9FE /* Model */,
				626CA1522AC9A1B600ABB9FE /* Utilities */,
				626CA1572AC9A28A00ABB9FE /* Views */,
				626CA14E2AC9A12300ABB9FE /* Screens */,
				626CA1282AC7067B00ABB9FE /* AppetizersApp.swift */,
				626CA12C2AC7067B00ABB9FE /* Assets.xcassets */,
				626CA12E2AC7067B00ABB9FE /* Preview Content */,
			);
			path = Appetizers;
			sourceTree = "<group>";
		};
		626CA12E2AC7067B00ABB9FE /* Preview Content */ = {
			isa = PBXGroup;
			children = (
				626CA12F2AC7067B00ABB9FE /* Preview Assets.xcassets */,
			);
			path = "Preview Content";
			sourceTree = "<group>";
		};
		626CA14E2AC9A12300ABB9FE /* Screens */ = {
			isa = PBXGroup;
			children = (
				626CA12A2AC7067B00ABB9FE /* AppetizerTabView.swift */,
				626CA1512AC9A13F00ABB9FE /* AppetizerListView */,
				626CA1502AC9A13500ABB9FE /* AccountView */,
				626CA14F2AC9A12D00ABB9FE /* OrderView */,
			);
			path = Screens;
			sourceTree = "<group>";
		};
		626CA14F2AC9A12D00ABB9FE /* OrderView */ = {
			isa = PBXGroup;
			children = (
				626CA13A2AC7097400ABB9FE /* OrderView.swift */,
			);
			path = OrderView;
			sourceTree = "<group>";
		};
		626CA1502AC9A13500ABB9FE /* AccountView */ = {
			isa = PBXGroup;
			children = (
				626CA1382AC7096700ABB9FE /* AccountView.swift */,
			);
			path = AccountView;
			sourceTree = "<group>";
		};
		626CA1512AC9A13F00ABB9FE /* AppetizerListView */ = {
			isa = PBXGroup;
			children = (
				626CA1442AC9393F00ABB9FE /* AppetizerListViewModel.swift */,
				626CA1362AC7095700ABB9FE /* AppetizerListView.swift */,
				626CA15B2AD1119400ABB9FE /* AppetizerDetailView.swift */,
			);
			path = AppetizerListView;
			sourceTree = "<group>";
		};
		626CA1522AC9A1B600ABB9FE /* Utilities */ = {
			isa = PBXGroup;
			children = (
				626CA1552AC9A1FB00ABB9FE /* Alerts */,
				626CA1542AC9A1F100ABB9FE /* Extensions */,
				626CA1532AC9A1E700ABB9FE /* Managers */,
			);
			path = Utilities;
			sourceTree = "<group>";
		};
		626CA1532AC9A1E700ABB9FE /* Managers */ = {
			isa = PBXGroup;
			children = (
				626CA1402AC92FA900ABB9FE /* NetworkManager.swift */,
			);
			path = Managers;
			sourceTree = "<group>";
		};
		626CA1542AC9A1F100ABB9FE /* Extensions */ = {
			isa = PBXGroup;
			children = (
				626CA1482AC98FE100ABB9FE /* Color+Ext.swift */,
			);
			path = Extensions;
			sourceTree = "<group>";
		};
		626CA1552AC9A1FB00ABB9FE /* Alerts */ = {
			isa = PBXGroup;
			children = (
				626CA1422AC92FB900ABB9FE /* APError.swift */,
				626CA1462AC9895B00ABB9FE /* Alert.swift */,
			);
			path = Alerts;
			sourceTree = "<group>";
		};
		626CA1562AC9A24900ABB9FE /* Model */ = {
			isa = PBXGroup;
			children = (
				626CA13C2AC7119400ABB9FE /* Appetizer.swift */,
			);
			path = Model;
			sourceTree = "<group>";
		};
		626CA1572AC9A28A00ABB9FE /* Views */ = {
			isa = PBXGroup;
			children = (
				626CA15D2AD11BBB00ABB9FE /* Buttons */,
				626CA15A2AC9A2C900ABB9FE /* Image */,
				626CA1592AC9A2BA00ABB9FE /* Cells */,
				626CA1582AC9A29300ABB9FE /* UIKit Components */,
			);
			path = Views;
			sourceTree = "<group>";
		};
		626CA1582AC9A29300ABB9FE /* UIKit Components */ = {
			isa = PBXGroup;
			children = (
				626CA14A2AC9906E00ABB9FE /* LoadingView.swift */,
			);
			path = "UIKit Components";
			sourceTree = "<group>";
		};
		626CA1592AC9A2BA00ABB9FE /* Cells */ = {
			isa = PBXGroup;
			children = (
				626CA13E2AC92CDD00ABB9FE /* AppetizerListCell.swift */,
			);
			path = Cells;
			sourceTree = "<group>";
		};
		626CA15A2AC9A2C900ABB9FE /* Image */ = {
			isa = PBXGroup;
			children = (
				626CA14C2AC99D4400ABB9FE /* RemoteImage.swift */,
			);
			path = Image;
			sourceTree = "<group>";
		};
		626CA15D2AD11BBB00ABB9FE /* Buttons */ = {
			isa = PBXGroup;
			children = (
				626CA15E2AD11BD400ABB9FE /* APButton.swift */,
				626CA1602AD11CAA00ABB9FE /* XDismissButton.swift */,
			);
			path = Buttons;
			sourceTree = "<group>";
		};
/* End PBXGroup section */

/* Begin PBXNativeTarget section */
		626CA1242AC7067B00ABB9FE /* Appetizers */ = {
			isa = PBXNativeTarget;
			buildConfigurationList = 626CA1332AC7067B00ABB9FE /* Build configuration list for PBXNativeTarget "Appetizers" */;
			buildPhases = (
				626CA1212AC7067B00ABB9FE /* Sources */,
				626CA1222AC7067B00ABB9FE /* Frameworks */,
				626CA1232AC7067B00ABB9FE /* Resources */,
			);
			buildRules = (
			);
			dependencies = (
			);
			name = Appetizers;
			productName = Appetizers;
			productReference = 626CA1252AC7067B00ABB9FE /* Appetizers.app */;
			productType = "com.apple.product-type.application";
		};
/* End PBXNativeTarget section */

/* Begin PBXProject section */
		626CA11D2AC7067B00ABB9FE /* Project object */ = {
			isa = PBXProject;
			attributes = {
				BuildIndependentTargetsInParallel = 1;
				LastSwiftUpdateCheck = 1430;
				LastUpgradeCheck = 1430;
				TargetAttributes = {
					626CA1242AC7067B00ABB9FE = {
						CreatedOnToolsVersion = 14.3;
					};
				};
			};
			buildConfigurationList = 626CA1202AC7067B00ABB9FE /* Build configuration list for PBXProject "Appetizers" */;
			compatibilityVersion = "Xcode 14.0";
			developmentRegion = en;
			hasScannedForEncodings = 0;
			knownRegions = (
				en,
				Base,
			);
			mainGroup = 626CA11C2AC7067B00ABB9FE;
			productRefGroup = 626CA1262AC7067B00ABB9FE /* Products */;
			projectDirPath = "";
			projectRoot = "";
			targets = (
				626CA1242AC7067B00ABB9FE /* Appetizers */,
			);
		};
/* End PBXProject section */

/* Begin PBXResourcesBuildPhase section */
		626CA1232AC7067B00ABB9FE /* Resources */ = {
			isa = PBXResourcesBuildPhase;
			buildActionMask = 2147483647;
			files = (
				626CA1302AC7067B00ABB9FE /* Preview Assets.xcassets in Resources */,
				626CA12D2AC7067B00ABB9FE /* Assets.xcassets in Resources */,
			);
			runOnlyForDeploymentPostprocessing = 0;
		};
/* End PBXResourcesBuildPhase section */

/* Begin PBXSourcesBuildPhase section */
		626CA1212AC7067B00ABB9FE /* Sources */ = {
			isa = PBXSourcesBuildPhase;
			buildActionMask = 2147483647;
			files = (
				626CA13D2AC7119400ABB9FE /* Appetizer.swift in Sources */,
				626CA1432AC92FB900ABB9FE /* APError.swift in Sources */,
				626CA1612AD11CAA00ABB9FE /* XDismissButton.swift in Sources */,
				626CA13F2AC92CDD00ABB9FE /* AppetizerListCell.swift in Sources */,
				626CA1452AC9393F00ABB9FE /* AppetizerListViewModel.swift in Sources */,
				626CA1392AC7096700ABB9FE /* AccountView.swift in Sources */,
				626CA1492AC98FE100ABB9FE /* Color+Ext.swift in Sources */,
				626CA15F2AD11BD400ABB9FE /* APButton.swift in Sources */,
				626CA12B2AC7067B00ABB9FE /* AppetizerTabView.swift in Sources */,
				626CA1412AC92FA900ABB9FE /* NetworkManager.swift in Sources */,
				626CA1292AC7067B00ABB9FE /* AppetizersApp.swift in Sources */,
				626CA14D2AC99D4400ABB9FE /* RemoteImage.swift in Sources */,
				626CA15C2AD1119400ABB9FE /* AppetizerDetailView.swift in Sources */,
				626CA1472AC9895B00ABB9FE /* Alert.swift in Sources */,
				626CA1372AC7095700ABB9FE /* AppetizerListView.swift in Sources */,
				626CA14B2AC9906E00ABB9FE /* LoadingView.swift in Sources */,
				626CA13B2AC7097400ABB9FE /* OrderView.swift in Sources */,
			);
			runOnlyForDeploymentPostprocessing = 0;
		};
/* End PBXSourcesBuildPhase section */

/* Begin XCBuildConfiguration section */
		626CA1312AC7067B00ABB9FE /* Debug */ = {
			isa = XCBuildConfiguration;
			buildSettings = {
				ALWAYS_SEARCH_USER_PATHS = NO;
				CLANG_ANALYZER_NONNULL = YES;
				CLANG_ANALYZER_NUMBER_OBJECT_CONVERSION = YES_AGGRESSIVE;
				CLANG_CXX_LANGUAGE_STANDARD = "gnu++20";
				CLANG_ENABLE_MODULES = YES;
				CLANG_ENABLE_OBJC_ARC = YES;
				CLANG_ENABLE_OBJC_WEAK = YES;
				CLANG_WARN_BLOCK_CAPTURE_AUTORELEASING = YES;
				CLANG_WARN_BOOL_CONVERSION = YES;
				CLANG_WARN_COMMA = YES;
				CLANG_WARN_CONSTANT_CONVERSION = YES;
				CLANG_WARN_DEPRECATED_OBJC_IMPLEMENTATIONS = YES;
				CLANG_WARN_DIRECT_OBJC_ISA_USAGE = YES_ERROR;
				CLANG_WARN_DOCUMENTATION_COMMENTS = YES;
				CLANG_WARN_EMPTY_BODY = YES;
				CLANG_WARN_ENUM_CONVERSION = YES;
				CLANG_WARN_INFINITE_RECURSION = YES;
				CLANG_WARN_INT_CONVERSION = YES;
				CLANG_WARN_NON_LITERAL_NULL_CONVERSION = YES;
				CLANG_WARN_OBJC_IMPLICIT_RETAIN_SELF = YES;
				CLANG_WARN_OBJC_LITERAL_CONVERSION = YES;
				CLANG_WARN_OBJC_ROOT_CLASS = YES_ERROR;
				CLANG_WARN_QUOTED_INCLUDE_IN_FRAMEWORK_HEADER = YES;
				CLANG_WARN_RANGE_LOOP_ANALYSIS = YES;
				CLANG_WARN_STRICT_PROTOTYPES = YES;
				CLANG_WARN_SUSPICIOUS_MOVE = YES;
				CLANG_WARN_UNGUARDED_AVAILABILITY = YES_AGGRESSIVE;
				CLANG_WARN_UNREACHABLE_CODE = YES;
				CLANG_WARN__DUPLICATE_METHOD_MATCH = YES;
				COPY_PHASE_STRIP = NO;
				DEBUG_INFORMATION_FORMAT = dwarf;
				ENABLE_STRICT_OBJC_MSGSEND = YES;
				ENABLE_TESTABILITY = YES;
				GCC_C_LANGUAGE_STANDARD = gnu11;
				GCC_DYNAMIC_NO_PIC = NO;
				GCC_NO_COMMON_BLOCKS = YES;
				GCC_OPTIMIZATION_LEVEL = 0;
				GCC_PREPROCESSOR_DEFINITIONS = (
					"DEBUG=1",
					"$(inherited)",
				);
				GCC_WARN_64_TO_32_BIT_CONVERSION = YES;
				GCC_WARN_ABOUT_RETURN_TYPE = YES_ERROR;
				GCC_WARN_UNDECLARED_SELECTOR = YES;
				GCC_WARN_UNINITIALIZED_AUTOS = YES_AGGRESSIVE;
				GCC_WARN_UNUSED_FUNCTION = YES;
				GCC_WARN_UNUSED_VARIABLE = YES;
				IPHONEOS_DEPLOYMENT_TARGET = 16.4;
				MTL_ENABLE_DEBUG_INFO = INCLUDE_SOURCE;
				MTL_FAST_MATH = YES;
				ONLY_ACTIVE_ARCH = YES;
				SDKROOT = iphoneos;
				SWIFT_ACTIVE_COMPILATION_CONDITIONS = DEBUG;
				SWIFT_OPTIMIZATION_LEVEL = "-Onone";
			};
			name = Debug;
		};
		626CA1322AC7067B00ABB9FE /* Release */ = {
			isa = XCBuildConfiguration;
			buildSettings = {
				ALWAYS_SEARCH_USER_PATHS = NO;
				CLANG_ANALYZER_NONNULL = YES;
				CLANG_ANALYZER_NUMBER_OBJECT_CONVERSION = YES_AGGRESSIVE;
				CLANG_CXX_LANGUAGE_STANDARD = "gnu++20";
				CLANG_ENABLE_MODULES = YES;
				CLANG_ENABLE_OBJC_ARC = YES;
				CLANG_ENABLE_OBJC_WEAK = YES;
				CLANG_WARN_BLOCK_CAPTURE_AUTORELEASING = YES;
				CLANG_WARN_BOOL_CONVERSION = YES;
				CLANG_WARN_COMMA = YES;
				CLANG_WARN_CONSTANT_CONVERSION = YES;
				CLANG_WARN_DEPRECATED_OBJC_IMPLEMENTATIONS = YES;
				CLANG_WARN_DIRECT_OBJC_ISA_USAGE = YES_ERROR;
				CLANG_WARN_DOCUMENTATION_COMMENTS = YES;
				CLANG_WARN_EMPTY_BODY = YES;
				CLANG_WARN_ENUM_CONVERSION = YES;
				CLANG_WARN_INFINITE_RECURSION = YES;
				CLANG_WARN_INT_CONVERSION = YES;
				CLANG_WARN_NON_LITERAL_NULL_CONVERSION = YES;
				CLANG_WARN_OBJC_IMPLICIT_RETAIN_SELF = YES;
				CLANG_WARN_OBJC_LITERAL_CONVERSION = YES;
				CLANG_WARN_OBJC_ROOT_CLASS = YES_ERROR;
				CLANG_WARN_QUOTED_INCLUDE_IN_FRAMEWORK_HEADER = YES;
				CLANG_WARN_RANGE_LOOP_ANALYSIS = YES;
				CLANG_WARN_STRICT_PROTOTYPES = YES;
				CLANG_WARN_SUSPICIOUS_MOVE = YES;
				CLANG_WARN_UNGUARDED_AVAILABILITY = YES_AGGRESSIVE;
				CLANG_WARN_UNREACHABLE_CODE = YES;
				CLANG_WARN__DUPLICATE_METHOD_MATCH = YES;
				COPY_PHASE_STRIP = NO;
				DEBUG_INFORMATION_FORMAT = "dwarf-with-dsym";
				ENABLE_NS_ASSERTIONS = NO;
				ENABLE_STRICT_OBJC_MSGSEND = YES;
				GCC_C_LANGUAGE_STANDARD = gnu11;
				GCC_NO_COMMON_BLOCKS = YES;
				GCC_WARN_64_TO_32_BIT_CONVERSION = YES;
				GCC_WARN_ABOUT_RETURN_TYPE = YES_ERROR;
				GCC_WARN_UNDECLARED_SELECTOR = YES;
				GCC_WARN_UNINITIALIZED_AUTOS = YES_AGGRESSIVE;
				GCC_WARN_UNUSED_FUNCTION = YES;
				GCC_WARN_UNUSED_VARIABLE = YES;
				IPHONEOS_DEPLOYMENT_TARGET = 16.4;
				MTL_ENABLE_DEBUG_INFO = NO;
				MTL_FAST_MATH = YES;
				SDKROOT = iphoneos;
				SWIFT_COMPILATION_MODE = wholemodule;
				SWIFT_OPTIMIZATION_LEVEL = "-O";
				VALIDATE_PRODUCT = YES;
			};
			name = Release;
		};
		626CA1342AC7067B00ABB9FE /* Debug */ = {
			isa = XCBuildConfiguration;
			buildSettings = {
				ASSETCATALOG_COMPILER_APPICON_NAME = AppIcon;
				ASSETCATALOG_COMPILER_GLOBAL_ACCENT_COLOR_NAME = AccentColor;
				CODE_SIGN_STYLE = Automatic;
				CURRENT_PROJECT_VERSION = 1;
				DEVELOPMENT_ASSET_PATHS = "\"Appetizers/Preview Content\"";
				DEVELOPMENT_TEAM = 8945457R7S;
				ENABLE_PREVIEWS = YES;
				GENERATE_INFOPLIST_FILE = YES;
				INFOPLIST_KEY_UIApplicationSceneManifest_Generation = YES;
				INFOPLIST_KEY_UIApplicationSupportsIndirectInputEvents = YES;
				INFOPLIST_KEY_UILaunchScreen_Generation = YES;
				INFOPLIST_KEY_UISupportedInterfaceOrientations_iPad = "UIInterfaceOrientationPortrait UIInterfaceOrientationPortraitUpsideDown UIInterfaceOrientationLandscapeLeft UIInterfaceOrientationLandscapeRight";
				INFOPLIST_KEY_UISupportedInterfaceOrientations_iPhone = "UIInterfaceOrientationPortrait UIInterfaceOrientationLandscapeLeft UIInterfaceOrientationLandscapeRight";
				LD_RUNPATH_SEARCH_PATHS = (
					"$(inherited)",
					"@executable_path/Frameworks",
				);
				MARKETING_VERSION = 1.0;
				PRODUCT_BUNDLE_IDENTIFIER = co.habipyesilyurt.Appetizers;
				PRODUCT_NAME = "$(TARGET_NAME)";
				SWIFT_EMIT_LOC_STRINGS = YES;
				SWIFT_VERSION = 5.0;
				TARGETED_DEVICE_FAMILY = "1,2";
			};
			name = Debug;
		};
		626CA1352AC7067B00ABB9FE /* Release */ = {
			isa = XCBuildConfiguration;
			buildSettings = {
				ASSETCATALOG_COMPILER_APPICON_NAME = AppIcon;
				ASSETCATALOG_COMPILER_GLOBAL_ACCENT_COLOR_NAME = AccentColor;
				CODE_SIGN_STYLE = Automatic;
				CURRENT_PROJECT_VERSION = 1;
				DEVELOPMENT_ASSET_PATHS = "\"Appetizers/Preview Content\"";
				DEVELOPMENT_TEAM = 8945457R7S;
				ENABLE_PREVIEWS = YES;
				GENERATE_INFOPLIST_FILE = YES;
				INFOPLIST_KEY_UIApplicationSceneManifest_Generation = YES;
				INFOPLIST_KEY_UIApplicationSupportsIndirectInputEvents = YES;
				INFOPLIST_KEY_UILaunchScreen_Generation = YES;
				INFOPLIST_KEY_UISupportedInterfaceOrientations_iPad = "UIInterfaceOrientationPortrait UIInterfaceOrientationPortraitUpsideDown UIInterfaceOrientationLandscapeLeft UIInterfaceOrientationLandscapeRight";
				INFOPLIST_KEY_UISupportedInterfaceOrientations_iPhone = "UIInterfaceOrientationPortrait UIInterfaceOrientationLandscapeLeft UIInterfaceOrientationLandscapeRight";
				LD_RUNPATH_SEARCH_PATHS = (
					"$(inherited)",
					"@executable_path/Frameworks",
				);
				MARKETING_VERSION = 1.0;
				PRODUCT_BUNDLE_IDENTIFIER = co.habipyesilyurt.Appetizers;
				PRODUCT_NAME = "$(TARGET_NAME)";
				SWIFT_EMIT_LOC_STRINGS = YES;
				SWIFT_VERSION = 5.0;
				TARGETED_DEVICE_FAMILY = "1,2";
			};
			name = Release;
		};
/* End XCBuildConfiguration section */

/* Begin XCConfigurationList section */
		626CA1202AC7067B00ABB9FE /* Build configuration list for PBXProject "Appetizers" */ = {
			isa = XCConfigurationList;
			buildConfigurations = (
				626CA1312AC7067B00ABB9FE /* Debug */,
				626CA1322AC7067B00ABB9FE /* Release */,
			);
			defaultConfigurationIsVisible = 0;
			defaultConfigurationName = Release;
		};
		626CA1332AC7067B00ABB9FE /* Build configuration list for PBXNativeTarget "Appetizers" */ = {
			isa = XCConfigurationList;
			buildConfigurations = (
				626CA1342AC7067B00ABB9FE /* Debug */,
				626CA1352AC7067B00ABB9FE /* Release */,
			);
			defaultConfigurationIsVisible = 0;
			defaultConfigurationName = Release;
		};
/* End XCConfigurationList section */
	};
	rootObject = 626CA11D2AC7067B00ABB9FE /* Project object */;
}
